
Microsoft Visual Studio Solution File, Format Version 12.00
# Visual Studio Version 17
VisualStudioVersion = 17.0.31903.59
MinimumVisualStudioVersion = 10.0.40219.1
Project("{2150E333-8FDC-42A3-9474-1A3956D46DE8}") = "src", "src", "{827E0CD3-B72D-47B6-A68D-7590B98EB39B}"
EndProject
Project("{F2A71F9B-5D33-465A-A702-920D77279786}") = "LifeOS.Domain", "src\LifeOS.Domain\LifeOS.Domain.fsproj", "{6BB38003-F673-412D-A673-E1BE7A2B0915}"
EndProject
Project("{FAE04EC0-301F-11D3-BF4B-00C04F79EFBC}") = "LifeOS.Application", "src\LifeOS.Application\LifeOS.Application.csproj", "{F7D6934B-4A77-4B56-8F3C-8E43D4D6E3B1}"
EndProject
Project("{FAE04EC0-301F-11D3-BF4B-00C04F79EFBC}") = "LifeOS.Infrastructure", "src\LifeOS.Infrastructure\LifeOS.Infrastructure.csproj", "{6332C4A6-3B80-4DEC-87F3-E486F73513B5}"
EndProject
Project("{FAE04EC0-301F-11D3-BF4B-00C04F79EFBC}") = "LifeOS.API", "src\LifeOS.API\LifeOS.API.csproj", "{1A346CC7-071C-415C-BC57-CB80B02DDB03}"
EndProject
Project("{F2A71F9B-5D33-465A-A702-920D77279786}") = "LifeOS.RulesEngine.FSharp", "src\LifeOS.RulesEngine.FSharp\LifeOS.RulesEngine.FSharp.fsproj", "{3941B0A0-6E03-415F-BE23-91004791C636}"
EndProject
Global
	GlobalSection(SolutionConfigurationPlatforms) = preSolution
		Debug|Any CPU = Debug|Any CPU
		Debug|x64 = Debug|x64
		Debug|x86 = Debug|x86
		Release|Any CPU = Release|Any CPU
		Release|x64 = Release|x64
		Release|x86 = Release|x86
	EndGlobalSection
	GlobalSection(ProjectConfigurationPlatforms) = postSolution
		{6BB38003-F673-412D-A673-E1BE7A2B0915}.Debug|Any CPU.ActiveCfg = Debug|Any CPU
		{6BB38003-F673-412D-A673-E1BE7A2B0915}.Debug|Any CPU.Build.0 = Debug|Any CPU
		{6BB38003-F673-412D-A673-E1BE7A2B0915}.Debug|x64.ActiveCfg = Debug|Any CPU
		{6BB38003-F673-412D-A673-E1BE7A2B0915}.Debug|x64.Build.0 = Debug|Any CPU
		{6BB38003-F673-412D-A673-E1BE7A2B0915}.Debug|x86.ActiveCfg = Debug|Any CPU
		{6BB38003-F673-412D-A673-E1BE7A2B0915}.Debug|x86.Build.0 = Debug|Any CPU
		{6BB38003-F673-412D-A673-E1BE7A2B0915}.Release|Any CPU.ActiveCfg = Release|Any CPU
		{6BB38003-F673-412D-A673-E1BE7A2B0915}.Release|Any CPU.Build.0 = Release|Any CPU
		{6BB38003-F673-412D-A673-E1BE7A2B0915}.Release|x64.ActiveCfg = Release|Any CPU
		{6BB38003-F673-412D-A673-E1BE7A2B0915}.Release|x64.Build.0 = Release|Any CPU
		{6BB38003-F673-412D-A673-E1BE7A2B0915}.Release|x86.ActiveCfg = Release|Any CPU
		{6BB38003-F673-412D-A673-E1BE7A2B0915}.Release|x86.Build.0 = Release|Any CPU
		{F7D6934B-4A77-4B56-8F3C-8E43D4D6E3B1}.Debug|Any CPU.ActiveCfg = Debug|Any CPU
		{F7D6934B-4A77-4B56-8F3C-8E43D4D6E3B1}.Debug|Any CPU.Build.0 = Debug|Any CPU
		{F7D6934B-4A77-4B56-8F3C-8E43D4D6E3B1}.Debug|x64.ActiveCfg = Debug|Any CPU
		{F7D6934B-4A77-4B56-8F3C-8E43D4D6E3B1}.Debug|x64.Build.0 = Debug|Any CPU
		{F7D6934B-4A77-4B56-8F3C-8E43D4D6E3B1}.Debug|x86.ActiveCfg = Debug|Any CPU
		{F7D6934B-4A77-4B56-8F3C-8E43D4D6E3B1}.Debug|x86.Build.0 = Debug|Any CPU
		{F7D6934B-4A77-4B56-8F3C-8E43D4D6E3B1}.Release|Any CPU.ActiveCfg = Release|Any CPU
		{F7D6934B-4A77-4B56-8F3C-8E43D4D6E3B1}.Release|Any CPU.Build.0 = Release|Any CPU
		{F7D6934B-4A77-4B56-8F3C-8E43D4D6E3B1}.Release|x64.ActiveCfg = Release|Any CPU
		{F7D6934B-4A77-4B56-8F3C-8E43D4D6E3B1}.Release|x64.Build.0 = Release|Any CPU
		{F7D6934B-4A77-4B56-8F3C-8E43D4D6E3B1}.Release|x86.ActiveCfg = Release|Any CPU
		{F7D6934B-4A77-4B56-8F3C-8E43D4D6E3B1}.Release|x86.Build.0 = Release|Any CPU
		{6332C4A6-3B80-4DEC-87F3-E486F73513B5}.Debug|Any CPU.ActiveCfg = Debug|Any CPU
		{6332C4A6-3B80-4DEC-87F3-E486F73513B5}.Debug|Any CPU.Build.0 = Debug|Any CPU
		{6332C4A6-3B80-4DEC-87F3-E486F73513B5}.Debug|x64.ActiveCfg = Debug|Any CPU
		{6332C4A6-3B80-4DEC-87F3-E486F73513B5}.Debug|x64.Build.0 = Debug|Any CPU
		{6332C4A6-3B80-4DEC-87F3-E486F73513B5}.Debug|x86.ActiveCfg = Debug|Any CPU
		{6332C4A6-3B80-4DEC-87F3-E486F73513B5}.Debug|x86.Build.0 = Debug|Any CPU
		{6332C4A6-3B80-4DEC-87F3-E486F73513B5}.Release|Any CPU.ActiveCfg = Release|Any CPU
		{6332C4A6-3B80-4DEC-87F3-E486F73513B5}.Release|Any CPU.Build.0 = Release|Any CPU
		{6332C4A6-3B80-4DEC-87F3-E486F73513B5}.Release|x64.ActiveCfg = Release|Any CPU
		{6332C4A6-3B80-4DEC-87F3-E486F73513B5}.Release|x64.Build.0 = Release|Any CPU
		{6332C4A6-3B80-4DEC-87F3-E486F73513B5}.Release|x86.ActiveCfg = Release|Any CPU
		{6332C4A6-3B80-4DEC-87F3-E486F73513B5}.Release|x86.Build.0 = Release|Any CPU
		{1A346CC7-071C-415C-BC57-CB80B02DDB03}.Debug|Any CPU.ActiveCfg = Debug|Any CPU
		{1A346CC7-071C-415C-BC57-CB80B02DDB03}.Debug|Any CPU.Build.0 = Debug|Any CPU
		{1A346CC7-071C-415C-BC57-CB80B02DDB03}.Debug|x64.ActiveCfg = Debug|Any CPU
		{1A346CC7-071C-415C-BC57-CB80B02DDB03}.Debug|x64.Build.0 = Debug|Any CPU
		{1A346CC7-071C-415C-BC57-CB80B02DDB03}.Debug|x86.ActiveCfg = Debug|Any CPU
		{1A346CC7-071C-415C-BC57-CB80B02DDB03}.Debug|x86.Build.0 = Debug|Any CPU
		{1A346CC7-071C-415C-BC57-CB80B02DDB03}.Release|Any CPU.ActiveCfg = Release|Any CPU
		{1A346CC7-071C-415C-BC57-CB80B02DDB03}.Release|Any CPU.Build.0 = Release|Any CPU
		{1A346CC7-071C-415C-BC57-CB80B02DDB03}.Release|x64.ActiveCfg = Release|Any CPU
		{1A346CC7-071C-415C-BC57-CB80B02DDB03}.Release|x64.Build.0 = Release|Any CPU
		{1A346CC7-071C-415C-BC57-CB80B02DDB03}.Release|x86.ActiveCfg = Release|Any CPU
		{1A346CC7-071C-415C-BC57-CB80B02DDB03}.Release|x86.Build.0 = Release|Any CPU
		{3941B0A0-6E03-415F-BE23-91004791C636}.Debug|Any CPU.ActiveCfg = Debug|Any CPU
		{3941B0A0-6E03-415F-BE23-91004791C636}.Debug|Any CPU.Build.0 = Debug|Any CPU
		{3941B0A0-6E03-415F-BE23-91004791C636}.Debug|x64.ActiveCfg = Debug|Any CPU
		{3941B0A0-6E03-415F-BE23-91004791C636}.Debug|x64.Build.0 = Debug|Any CPU
		{3941B0A0-6E03-415F-BE23-91004791C636}.Debug|x86.ActiveCfg = Debug|Any CPU
		{3941B0A0-6E03-415F-BE23-91004791C636}.Debug|x86.Build.0 = Debug|Any CPU
		{3941B0A0-6E03-415F-BE23-91004791C636}.Release|Any CPU.ActiveCfg = Release|Any CPU
		{3941B0A0-6E03-415F-BE23-91004791C636}.Release|Any CPU.Build.0 = Release|Any CPU
		{3941B0A0-6E03-415F-BE23-91004791C636}.Release|x64.ActiveCfg = Release|Any CPU
		{3941B0A0-6E03-415F-BE23-91004791C636}.Release|x64.Build.0 = Release|Any CPU
		{3941B0A0-6E03-415F-BE23-91004791C636}.Release|x86.ActiveCfg = Release|Any CPU
		{3941B0A0-6E03-415F-BE23-91004791C636}.Release|x86.Build.0 = Release|Any CPU
	EndGlobalSection
	GlobalSection(SolutionProperties) = preSolution
		HideSolutionNode = FALSE
	EndGlobalSection
	GlobalSection(NestedProjects) = preSolution
		{6BB38003-F673-412D-A673-E1BE7A2B0915} = {827E0CD3-B72D-47B6-A68D-7590B98EB39B}
		{F7D6934B-4A77-4B56-8F3C-8E43D4D6E3B1} = {827E0CD3-B72D-47B6-A68D-7590B98EB39B}
		{6332C4A6-3B80-4DEC-87F3-E486F73513B5} = {827E0CD3-B72D-47B6-A68D-7590B98EB39B}
		{1A346CC7-071C-415C-BC57-CB80B02DDB03} = {827E0CD3-B72D-47B6-A68D-7590B98EB39B}
		{3941B0A0-6E03-415F-BE23-91004791C636} = {827E0CD3-B72D-47B6-A68D-7590B98EB39B}
	EndGlobalSection
EndGlobal
